{
  "projects": [
    {
      "projectId": "it8wKNwdwafZt73hiEPwUt",
      "version": "latest",
      "dependencies": {},
      "lang": "js",
      "fileLocks": [
        {
          "type": "globalVariant",
          "assetId": "4RCkaOwzQB_CE",
          "checksum": "7e0d25ddc6a5c58970da801f01c7c371"
        },
        {
          "assetId": "it8wKNwdwafZt73hiEPwUt",
          "type": "projectCss",
          "checksum": "313953551a4ffb66507a1561cf822d19"
        },
        {
          "type": "renderModule",
          "assetId": "m-mvLf1xdKuM",
          "checksum": "a6103dd8f7a3b1d1931d917bbb5e173d"
        },
        {
          "type": "cssRules",
          "assetId": "m-mvLf1xdKuM",
          "checksum": "a6103dd8f7a3b1d1931d917bbb5e173d"
        },
        {
          "type": "icon",
          "assetId": "1JnmYMEAw",
          "checksum": "f4a4272d9409b5fdb9a3408344e7847e"
        },
        {
          "type": "icon",
          "assetId": "wWnnFnd6K4",
          "checksum": "123acbb72a4685274cf0986795f19fd9"
        },
        {
          "type": "icon",
          "assetId": "w_ySx-x0LY",
          "checksum": "01d092f388157d3a98a10bfab30b276b"
        },
        {
          "type": "icon",
          "assetId": "8996ZNBw63",
          "checksum": "617de29bf6ae4734df8f9d03a7fab0ce"
        },
        {
          "type": "icon",
          "assetId": "ApTLFc7gee",
          "checksum": "7dc0eb8ea93a93c742e1d4dc2f9e5173"
        },
        {
          "type": "icon",
          "assetId": "jmpH7tc7zE",
          "checksum": "047a03a6ffc7ce3cbed63fa198a594f4"
        },
        {
          "type": "icon",
          "assetId": "KA25P20g0nj",
          "checksum": "8f8279e6902c9a18ab68db3614768ffe"
        },
        {
          "type": "icon",
          "assetId": "sVm1ItQcXTc",
          "checksum": "0c1ffd37928dc40690423e2d21e90a4c"
        },
        {
          "type": "icon",
          "assetId": "8AoRpPPHmZM",
          "checksum": "08560c078d192c774f5cafc1c01239e9"
        },
        {
          "type": "icon",
          "assetId": "fYd8WGLsGAz",
          "checksum": "d6c67ef3742a9535f86d9dee4645182d"
        },
        {
          "type": "icon",
          "assetId": "d09mZP7-mcI",
          "checksum": "6ef5f89c3ff7961d01a9e7dfd51d6169"
        },
        {
          "type": "icon",
          "assetId": "Ah8Kqz2GZoh",
          "checksum": "92f31f80da1871106ef1612b4aecd4fa"
        },
        {
          "type": "icon",
          "assetId": "xv5sKZ4mc6f",
          "checksum": "7a4ad745e47cbc5da0877935b6f0f754"
        },
        {
          "type": "icon",
          "assetId": "Bzqcv8-KwH-",
          "checksum": "b7766af14e2e7d41f98e97ab0c9ec249"
        },
        {
          "type": "icon",
          "assetId": "9UCn58LuGPT",
          "checksum": "750aee36640bb48ee430c1e50b68ab38"
        },
        {
          "type": "icon",
          "assetId": "QYnnlufmzWe",
          "checksum": "eac9fd28252bf88eeb1e2c699828a0d6"
        },
        {
          "type": "icon",
          "assetId": "JfUOuZeVm7m",
          "checksum": "37600e09854daa37f898c67fdeb6b847"
        },
        {
          "type": "icon",
          "assetId": "ov_CJHB2xP_",
          "checksum": "f63869d1ee343c25e1cc36a53cb70d49"
        },
        {
          "type": "icon",
          "assetId": "88tPlVi7QMZ",
          "checksum": "b5906c8e366714a8f32707e824fd5ab6"
        },
        {
          "type": "icon",
          "assetId": "oXOL5hlVVSt",
          "checksum": "63d6416a63594a4e723ab7aad42d42bd"
        },
        {
          "type": "icon",
          "assetId": "etfstOJ8gFx",
          "checksum": "eeb98ad2ae887dc2357caec8bc617a93"
        },
        {
          "type": "icon",
          "assetId": "Jpb2hnNjELx",
          "checksum": "fc99899fb80cb9993f386159117a43c0"
        },
        {
          "type": "icon",
          "assetId": "JarXmWTlN3U",
          "checksum": "25c2912813f552d01d6201ff3c245167"
        },
        {
          "type": "image",
          "assetId": "g-7T4mJX7",
          "checksum": "5d3222f7082e8777512657a18aba5843"
        },
        {
          "type": "image",
          "assetId": "8oWWHreKbA",
          "checksum": "6dcdf584647fe2699776f054c4fb5795"
        },
        {
          "type": "image",
          "assetId": "Duyg4VN-wk",
          "checksum": "583e6de71c49e2ba3f11e516cc303a7e"
        },
        {
          "type": "image",
          "assetId": "UXYkar1BXX",
          "checksum": "01ce4e38528f87fd46131c2e6dfe0897"
        },
        {
          "type": "image",
          "assetId": "f0yE2WiITs",
          "checksum": "e4db4728b3dd95adb1b6b9611d3652de"
        },
        {
          "type": "image",
          "assetId": "aqIf2ZoTkB",
          "checksum": "ee385eeff579ee9267bb705c8926a14d"
        },
        {
          "type": "image",
          "assetId": "A_CtsLaSXC",
          "checksum": "c7df5867ce8fe9427e2248d1242a2308"
        },
        {
          "type": "image",
          "assetId": "5Br0dHINd0",
          "checksum": "b53e8a5bd3b074ebbfc4c529a6c95d4d"
        },
        {
          "type": "image",
          "assetId": "HXkanzHMh5",
          "checksum": "80fa3ce8135d10034f7ee8aad85bcee3"
        },
        {
          "type": "image",
          "assetId": "o6Ga6DYM1h",
          "checksum": "827297a032da9b866b11ad78ac912bb4"
        },
        {
          "type": "image",
          "assetId": "D6gR6qAw3B",
          "checksum": "c3ccb198a2683f10b048a1a7e6eefadd"
        },
        {
          "type": "image",
          "assetId": "h4UOy82K5m",
          "checksum": "17f4b4adad5166e2acb30c5aff81a074"
        },
        {
          "type": "image",
          "assetId": "9CL4LF8v81",
          "checksum": "2eb3e9fefb2fa151e95f19b43c97779b"
        },
        {
          "type": "image",
          "assetId": "KLRqaEm5yN",
          "checksum": "c8220c4231db9936b48e9f0b115110fb"
        },
        {
          "type": "image",
          "assetId": "QzQBCBhuaV",
          "checksum": "2c21649b58c6e20e655b12e0491c92e7"
        },
        {
          "type": "image",
          "assetId": "9N80nnT7Uj",
          "checksum": "98e6fd7e38d7b2b1fc20cf987c20a4c5"
        },
        {
          "type": "image",
          "assetId": "JPrbMIFvGD",
          "checksum": "96e8c9c61be6ada1392b687ee8453619"
        },
        {
          "type": "image",
          "assetId": "YobaFuDm26",
          "checksum": "f0bf4e606ebaf73dd25cb9f428ffaf02"
        },
        {
          "type": "image",
          "assetId": "Fb5BWkVAQCd",
          "checksum": "8f84cb68d2d543e66c059b1d865fb8dc"
        },
        {
          "type": "image",
          "assetId": "ZoZqkrfQBTp",
          "checksum": "93f1375a8e73bdac3e658f493675ff36"
        },
        {
          "type": "image",
          "assetId": "LuWdpOSLFOe",
          "checksum": "b254499f0d0e01ebaa66f7ce9f07cbbb"
        },
        {
          "type": "image",
          "assetId": "diyEuKS-idH",
          "checksum": "942684efe51b130e5c77c397e45adc5b"
        },
        {
          "type": "image",
          "assetId": "Bli0-6oE0lN",
          "checksum": "91484d19bf919b1d5ab0cd65467056a8"
        },
        {
          "type": "image",
          "assetId": "fraWzkEDTHP",
          "checksum": "3698094f3443d2178f4d3ccaee76cd43"
        },
        {
          "type": "image",
          "assetId": "66z0Y4Xmkyl",
          "checksum": "28b3fcae4cf3b1e6027a0cea9dc34ad4"
        },
        {
          "type": "image",
          "assetId": "oDg7GNKHjdU",
          "checksum": "41b74a076483c97b367fc5f7b48b44e4"
        },
        {
          "type": "image",
          "assetId": "CF_2Ccicofx",
          "checksum": "9e9e7aff699ebcd56f6e0ee7b5cedbcc"
        },
        {
          "type": "image",
          "assetId": "IJHoEksC8si",
          "checksum": "7fd87d6dd5d85cdfa78974643f08fd02"
        },
        {
          "type": "image",
          "assetId": "mtoDdHGc_s6",
          "checksum": "eab8aa4c6ed641339b8adf448b36d682"
        },
        {
          "type": "image",
          "assetId": "2t01FDZwcin",
          "checksum": "eba9e19e49a34535ff13eb23c6051b75"
        },
        {
          "type": "image",
          "assetId": "e3E4PbP5BQN",
          "checksum": "60fededfee74050072f65512c5d582e7"
        },
        {
          "type": "image",
          "assetId": "6I-Zq-EOiUq",
          "checksum": "068d8a13ae6f565ff5744f073c56e099"
        },
        {
          "type": "image",
          "assetId": "S_BlIKsq5m4",
          "checksum": "d4a1231014b70608fa8b3d35fe4738a5"
        },
        {
          "type": "image",
          "assetId": "-iSTlF5vk_a",
          "checksum": "843fb01dc7ef1b318aad7a40c1e72e8a"
        },
        {
          "type": "image",
          "assetId": "sDJ54-U1oSi",
          "checksum": "5968380a2a3c24ba7543686639dd7e60"
        },
        {
          "type": "image",
          "assetId": "Mw7voSjZAGe",
          "checksum": "46a49a6b43c10b86d867dbaf8fd5fcca"
        }
      ],
      "codegenVersion": "0.0.1"
    }
  ],
  "cliVersion": "0.1.214"
}
